
Microsoft Visual Studio Solution File, Format Version 12.00
# Visual Studio Version 17
VisualStudioVersion = 17.6.33815.320
MinimumVisualStudioVersion = 10.0.40219.1
Project("{8BC9CEB8-8B4A-11D0-8D11-00A0C91BC942}") = "MazepaConsoleApplocation", "MazepaConsoleApplocation\MazepaConsoleApplocation.vcxproj", "{34B3853D-41C7-4C5C-9C6B-A632518EE50F}"
EndProject
Global
	GlobalSection(SolutionConfigurationPlatforms) = preSolution
		Debug|x64 = Debug|x64
		Debug|x86 = Debug|x86
		Release|x64 = Release|x64
		Release|x86 = Release|x86
	EndGlobalSection
	GlobalSection(ProjectConfigurationPlatforms) = postSolution
		{34B3853D-41C7-4C5C-9C6B-A632518EE50F}.Debug|x64.ActiveCfg = Debug|x64
		{34B3853D-41C7-4C5C-9C6B-A632518EE50F}.Debug|x64.Build.0 = Debug|x64
		{34B3853D-41C7-4C5C-9C6B-A632518EE50F}.Debug|x86.ActiveCfg = Debug|Win32
		{34B3853D-41C7-4C5C-9C6B-A632518EE50F}.Debug|x86.Build.0 = Debug|Win32
		{34B3853D-41C7-4C5C-9C6B-A632518EE50F}.Release|x64.ActiveCfg = Release|x64
		{34B3853D-41C7-4C5C-9C6B-A632518EE50F}.Release|x64.Build.0 = Release|x64
		{34B3853D-41C7-4C5C-9C6B-A632518EE50F}.Release|x86.ActiveCfg = Release|Win32
		{34B3853D-41C7-4C5C-9C6B-A632518EE50F}.Release|x86.Build.0 = Release|Win32
	EndGlobalSection
	GlobalSection(SolutionProperties) = preSolution
		HideSolutionNode = FALSE
	EndGlobalSection
	GlobalSection(ExtensibilityGlobals) = postSolution
		SolutionGuid = {7CF0D4E4-8C76-4ED2-9EE9-F46243C01FA8}
	EndGlobalSection
EndGlobal
